
Microsoft Visual Studio Solution File, Format Version 12.00
# Visual Studio Version 16
VisualStudioVersion = 16.0.33027.164
MinimumVisualStudioVersion = 10.0.40219.1
Project("{8BC9CEB8-8B4A-11D0-8D11-00A0C91BC942}") = "Contest3", "Contest3\Contest3.vcxproj", "{44170430-9A8F-423B-A589-7F665E988F76}"
EndProject
Project("{8BC9CEB8-8B4A-11D0-8D11-00A0C91BC942}") = "Top", "Top\Top.vcxproj", "{4A6A8076-EE1A-497D-9BB1-37AF031854AB}"
EndProject
Project("{8BC9CEB8-8B4A-11D0-8D11-00A0C91BC942}") = "Floyd", "Floyd\Floyd.vcxproj", "{8B9514F8-95B4-42AF-A48F-8CA3179C3CD6}"
EndProject
Project("{8BC9CEB8-8B4A-11D0-8D11-00A0C91BC942}") = "Kings", "Kings\Kings.vcxproj", "{86C75178-6F96-4088-8299-9196C60461B6}"
EndProject
Project("{8BC9CEB8-8B4A-11D0-8D11-00A0C91BC942}") = "Trans", "Trans\Trans.vcxproj", "{FDE411B6-B020-4516-A770-14F5BB9E85F2}"
EndProject
Project("{8BC9CEB8-8B4A-11D0-8D11-00A0C91BC942}") = "Bridges", "Bridges\Bridges.vcxproj", "{4E91E6BF-C80C-410C-A65F-EE8D7A97EC0E}"
EndProject
Project("{8BC9CEB8-8B4A-11D0-8D11-00A0C91BC942}") = "Maze", "Maze\Maze.vcxproj", "{9DCCD967-AB41-4392-875A-D28D0DE230EC}"
EndProject
Project("{8BC9CEB8-8B4A-11D0-8D11-00A0C91BC942}") = "KillKing", "KillKing\KillKing.vcxproj", "{39A3EFE4-E927-4D76-9436-5C19054B1546}"
EndProject
Project("{8BC9CEB8-8B4A-11D0-8D11-00A0C91BC942}") = "LongestPath", "LongestPath\LongestPath.vcxproj", "{ECAF08A3-E631-41A1-8051-2C82F56413BE}"
EndProject
Project("{8BC9CEB8-8B4A-11D0-8D11-00A0C91BC942}") = "Chip", "Chip\Chip.vcxproj", "{C4E6CC87-DE83-45C6-B1D1-17F54B21AB9E}"
EndProject
Project("{8BC9CEB8-8B4A-11D0-8D11-00A0C91BC942}") = "Lift", "Lift\Lift.vcxproj", "{1F350B1D-B838-4FB9-9361-2CA9BF070C71}"
EndProject
Global
	GlobalSection(SolutionConfigurationPlatforms) = preSolution
		Debug|x64 = Debug|x64
		Debug|x86 = Debug|x86
		Release|x64 = Release|x64
		Release|x86 = Release|x86
	EndGlobalSection
	GlobalSection(ProjectConfigurationPlatforms) = postSolution
		{44170430-9A8F-423B-A589-7F665E988F76}.Debug|x64.ActiveCfg = Debug|x64
		{44170430-9A8F-423B-A589-7F665E988F76}.Debug|x64.Build.0 = Debug|x64
		{44170430-9A8F-423B-A589-7F665E988F76}.Debug|x86.ActiveCfg = Debug|Win32
		{44170430-9A8F-423B-A589-7F665E988F76}.Debug|x86.Build.0 = Debug|Win32
		{44170430-9A8F-423B-A589-7F665E988F76}.Release|x64.ActiveCfg = Release|x64
		{44170430-9A8F-423B-A589-7F665E988F76}.Release|x64.Build.0 = Release|x64
		{44170430-9A8F-423B-A589-7F665E988F76}.Release|x86.ActiveCfg = Release|Win32
		{44170430-9A8F-423B-A589-7F665E988F76}.Release|x86.Build.0 = Release|Win32
		{4A6A8076-EE1A-497D-9BB1-37AF031854AB}.Debug|x64.ActiveCfg = Debug|x64
		{4A6A8076-EE1A-497D-9BB1-37AF031854AB}.Debug|x64.Build.0 = Debug|x64
		{4A6A8076-EE1A-497D-9BB1-37AF031854AB}.Debug|x86.ActiveCfg = Debug|Win32
		{4A6A8076-EE1A-497D-9BB1-37AF031854AB}.Debug|x86.Build.0 = Debug|Win32
		{4A6A8076-EE1A-497D-9BB1-37AF031854AB}.Release|x64.ActiveCfg = Release|x64
		{4A6A8076-EE1A-497D-9BB1-37AF031854AB}.Release|x64.Build.0 = Release|x64
		{4A6A8076-EE1A-497D-9BB1-37AF031854AB}.Release|x86.ActiveCfg = Release|Win32
		{4A6A8076-EE1A-497D-9BB1-37AF031854AB}.Release|x86.Build.0 = Release|Win32
		{8B9514F8-95B4-42AF-A48F-8CA3179C3CD6}.Debug|x64.ActiveCfg = Debug|x64
		{8B9514F8-95B4-42AF-A48F-8CA3179C3CD6}.Debug|x64.Build.0 = Debug|x64
		{8B9514F8-95B4-42AF-A48F-8CA3179C3CD6}.Debug|x86.ActiveCfg = Debug|Win32
		{8B9514F8-95B4-42AF-A48F-8CA3179C3CD6}.Debug|x86.Build.0 = Debug|Win32
		{8B9514F8-95B4-42AF-A48F-8CA3179C3CD6}.Release|x64.ActiveCfg = Release|x64
		{8B9514F8-95B4-42AF-A48F-8CA3179C3CD6}.Release|x64.Build.0 = Release|x64
		{8B9514F8-95B4-42AF-A48F-8CA3179C3CD6}.Release|x86.ActiveCfg = Release|Win32
		{8B9514F8-95B4-42AF-A48F-8CA3179C3CD6}.Release|x86.Build.0 = Release|Win32
		{86C75178-6F96-4088-8299-9196C60461B6}.Debug|x64.ActiveCfg = Debug|x64
		{86C75178-6F96-4088-8299-9196C60461B6}.Debug|x64.Build.0 = Debug|x64
		{86C75178-6F96-4088-8299-9196C60461B6}.Debug|x86.ActiveCfg = Debug|Win32
		{86C75178-6F96-4088-8299-9196C60461B6}.Debug|x86.Build.0 = Debug|Win32
		{86C75178-6F96-4088-8299-9196C60461B6}.Release|x64.ActiveCfg = Release|x64
		{86C75178-6F96-4088-8299-9196C60461B6}.Release|x64.Build.0 = Release|x64
		{86C75178-6F96-4088-8299-9196C60461B6}.Release|x86.ActiveCfg = Release|Win32
		{86C75178-6F96-4088-8299-9196C60461B6}.Release|x86.Build.0 = Release|Win32
		{FDE411B6-B020-4516-A770-14F5BB9E85F2}.Debug|x64.ActiveCfg = Debug|x64
		{FDE411B6-B020-4516-A770-14F5BB9E85F2}.Debug|x64.Build.0 = Debug|x64
		{FDE411B6-B020-4516-A770-14F5BB9E85F2}.Debug|x86.ActiveCfg = Debug|Win32
		{FDE411B6-B020-4516-A770-14F5BB9E85F2}.Debug|x86.Build.0 = Debug|Win32
		{FDE411B6-B020-4516-A770-14F5BB9E85F2}.Release|x64.ActiveCfg = Release|x64
		{FDE411B6-B020-4516-A770-14F5BB9E85F2}.Release|x64.Build.0 = Release|x64
		{FDE411B6-B020-4516-A770-14F5BB9E85F2}.Release|x86.ActiveCfg = Release|Win32
		{FDE411B6-B020-4516-A770-14F5BB9E85F2}.Release|x86.Build.0 = Release|Win32
		{4E91E6BF-C80C-410C-A65F-EE8D7A97EC0E}.Debug|x64.ActiveCfg = Debug|x64
		{4E91E6BF-C80C-410C-A65F-EE8D7A97EC0E}.Debug|x64.Build.0 = Debug|x64
		{4E91E6BF-C80C-410C-A65F-EE8D7A97EC0E}.Debug|x86.ActiveCfg = Debug|Win32
		{4E91E6BF-C80C-410C-A65F-EE8D7A97EC0E}.Debug|x86.Build.0 = Debug|Win32
		{4E91E6BF-C80C-410C-A65F-EE8D7A97EC0E}.Release|x64.ActiveCfg = Release|x64
		{4E91E6BF-C80C-410C-A65F-EE8D7A97EC0E}.Release|x64.Build.0 = Release|x64
		{4E91E6BF-C80C-410C-A65F-EE8D7A97EC0E}.Release|x86.ActiveCfg = Release|Win32
		{4E91E6BF-C80C-410C-A65F-EE8D7A97EC0E}.Release|x86.Build.0 = Release|Win32
		{9DCCD967-AB41-4392-875A-D28D0DE230EC}.Debug|x64.ActiveCfg = Debug|x64
		{9DCCD967-AB41-4392-875A-D28D0DE230EC}.Debug|x64.Build.0 = Debug|x64
		{9DCCD967-AB41-4392-875A-D28D0DE230EC}.Debug|x86.ActiveCfg = Debug|Win32
		{9DCCD967-AB41-4392-875A-D28D0DE230EC}.Debug|x86.Build.0 = Debug|Win32
		{9DCCD967-AB41-4392-875A-D28D0DE230EC}.Release|x64.ActiveCfg = Release|x64
		{9DCCD967-AB41-4392-875A-D28D0DE230EC}.Release|x64.Build.0 = Release|x64
		{9DCCD967-AB41-4392-875A-D28D0DE230EC}.Release|x86.ActiveCfg = Release|Win32
		{9DCCD967-AB41-4392-875A-D28D0DE230EC}.Release|x86.Build.0 = Release|Win32
		{39A3EFE4-E927-4D76-9436-5C19054B1546}.Debug|x64.ActiveCfg = Debug|x64
		{39A3EFE4-E927-4D76-9436-5C19054B1546}.Debug|x64.Build.0 = Debug|x64
		{39A3EFE4-E927-4D76-9436-5C19054B1546}.Debug|x86.ActiveCfg = Debug|Win32
		{39A3EFE4-E927-4D76-9436-5C19054B1546}.Debug|x86.Build.0 = Debug|Win32
		{39A3EFE4-E927-4D76-9436-5C19054B1546}.Release|x64.ActiveCfg = Release|x64
		{39A3EFE4-E927-4D76-9436-5C19054B1546}.Release|x64.Build.0 = Release|x64
		{39A3EFE4-E927-4D76-9436-5C19054B1546}.Release|x86.ActiveCfg = Release|Win32
		{39A3EFE4-E927-4D76-9436-5C19054B1546}.Release|x86.Build.0 = Release|Win32
		{ECAF08A3-E631-41A1-8051-2C82F56413BE}.Debug|x64.ActiveCfg = Debug|x64
		{ECAF08A3-E631-41A1-8051-2C82F56413BE}.Debug|x64.Build.0 = Debug|x64
		{ECAF08A3-E631-41A1-8051-2C82F56413BE}.Debug|x86.ActiveCfg = Debug|Win32
		{ECAF08A3-E631-41A1-8051-2C82F56413BE}.Debug|x86.Build.0 = Debug|Win32
		{ECAF08A3-E631-41A1-8051-2C82F56413BE}.Release|x64.ActiveCfg = Release|x64
		{ECAF08A3-E631-41A1-8051-2C82F56413BE}.Release|x64.Build.0 = Release|x64
		{ECAF08A3-E631-41A1-8051-2C82F56413BE}.Release|x86.ActiveCfg = Release|Win32
		{ECAF08A3-E631-41A1-8051-2C82F56413BE}.Release|x86.Build.0 = Release|Win32
		{C4E6CC87-DE83-45C6-B1D1-17F54B21AB9E}.Debug|x64.ActiveCfg = Debug|x64
		{C4E6CC87-DE83-45C6-B1D1-17F54B21AB9E}.Debug|x64.Build.0 = Debug|x64
		{C4E6CC87-DE83-45C6-B1D1-17F54B21AB9E}.Debug|x86.ActiveCfg = Debug|Win32
		{C4E6CC87-DE83-45C6-B1D1-17F54B21AB9E}.Debug|x86.Build.0 = Debug|Win32
		{C4E6CC87-DE83-45C6-B1D1-17F54B21AB9E}.Release|x64.ActiveCfg = Release|x64
		{C4E6CC87-DE83-45C6-B1D1-17F54B21AB9E}.Release|x64.Build.0 = Release|x64
		{C4E6CC87-DE83-45C6-B1D1-17F54B21AB9E}.Release|x86.ActiveCfg = Release|Win32
		{C4E6CC87-DE83-45C6-B1D1-17F54B21AB9E}.Release|x86.Build.0 = Release|Win32
		{1F350B1D-B838-4FB9-9361-2CA9BF070C71}.Debug|x64.ActiveCfg = Debug|x64
		{1F350B1D-B838-4FB9-9361-2CA9BF070C71}.Debug|x64.Build.0 = Debug|x64
		{1F350B1D-B838-4FB9-9361-2CA9BF070C71}.Debug|x86.ActiveCfg = Debug|Win32
		{1F350B1D-B838-4FB9-9361-2CA9BF070C71}.Debug|x86.Build.0 = Debug|Win32
		{1F350B1D-B838-4FB9-9361-2CA9BF070C71}.Release|x64.ActiveCfg = Release|x64
		{1F350B1D-B838-4FB9-9361-2CA9BF070C71}.Release|x64.Build.0 = Release|x64
		{1F350B1D-B838-4FB9-9361-2CA9BF070C71}.Release|x86.ActiveCfg = Release|Win32
		{1F350B1D-B838-4FB9-9361-2CA9BF070C71}.Release|x86.Build.0 = Release|Win32
	EndGlobalSection
	GlobalSection(SolutionProperties) = preSolution
		HideSolutionNode = FALSE
	EndGlobalSection
	GlobalSection(ExtensibilityGlobals) = postSolution
		SolutionGuid = {3EB6C4CF-6DF0-4EF9-B88C-1ACD86348C24}
	EndGlobalSection
EndGlobal
